
Microsoft Visual Studio Solution File, Format Version 12.00
# Visual Studio Version 16
VisualStudioVersion = 16.0.32106.194
MinimumVisualStudioVersion = 10.0.40219.1
Project("{FAE04EC0-301F-11D3-BF4B-00C04F79EFBC}") = "Lab5", "Lab5\Lab5.csproj", "{7465BE4F-2BE3-4048-BE8C-AC0883D3EB89}"
EndProject
Global
	GlobalSection(SolutionConfigurationPlatforms) = preSolution
		Debug|Any CPU = Debug|Any CPU
		Release|Any CPU = Release|Any CPU
	EndGlobalSection
	GlobalSection(ProjectConfigurationPlatforms) = postSolution
		{7465BE4F-2BE3-4048-BE8C-AC0883D3EB89}.Debug|Any CPU.ActiveCfg = Debug|Any CPU
		{7465BE4F-2BE3-4048-BE8C-AC0883D3EB89}.Debug|Any CPU.Build.0 = Debug|Any CPU
		{7465BE4F-2BE3-4048-BE8C-AC0883D3EB89}.Release|Any CPU.ActiveCfg = Release|Any CPU
		{7465BE4F-2BE3-4048-BE8C-AC0883D3EB89}.Release|Any CPU.Build.0 = Release|Any CPU
	EndGlobalSection
	GlobalSection(SolutionProperties) = preSolution
		HideSolutionNode = FALSE
	EndGlobalSection
	GlobalSection(ExtensibilityGlobals) = postSolution
		SolutionGuid = {D7215FAF-F660-40C6-9866-A175429633FE}
	EndGlobalSection
EndGlobal
